// !$*UTF8*$!
{
	archiveVersion = 1;
	classes = {
	};
	objectVersion = 46;
	objects = {

/* Begin PBXBuildFile section */
		2107261B1E16258B003B01DF /* AppDelegate.swift in Sources */ = {isa = PBXBuildFile; fileRef = 2107261A1E16258B003B01DF /* AppDelegate.swift */; };
		2107261D1E16258B003B01DF /* ViewController.swift in Sources */ = {isa = PBXBuildFile; fileRef = 2107261C1E16258B003B01DF /* ViewController.swift */; };
		210726201E16258B003B01DF /* Main.storyboard in Resources */ = {isa = PBXBuildFile; fileRef = 2107261E1E16258B003B01DF /* Main.storyboard */; };
		210726221E16258B003B01DF /* Assets.xcassets in Resources */ = {isa = PBXBuildFile; fileRef = 210726211E16258B003B01DF /* Assets.xcassets */; };
		210726251E16258B003B01DF /* LaunchScreen.storyboard in Resources */ = {isa = PBXBuildFile; fileRef = 210726231E16258B003B01DF /* LaunchScreen.storyboard */; };
/* End PBXBuildFile section */

/* Begin PBXFileReference section */
		210726171E16258B003B01DF /* DontSpend.app */ = {isa = PBXFileReference; explicitFileType = wrapper.application; includeInIndex = 0; path = DontSpend.app; sourceTree = BUILT_PRODUCTS_DIR; };
		2107261A1E16258B003B01DF /* AppDelegate.swift */ = {isa = PBXFileReference; lastKnownFileType = sourcecode.swift; path = AppDelegate.swift; sourceTree = "<group>"; };
		2107261C1E16258B003B01DF /* ViewController.swift */ = {isa = PBXFileReference; lastKnownFileType = sourcecode.swift; path = ViewController.swift; sourceTree = "<group>"; };
		2107261F1E16258B003B01DF /* Base */ = {isa = PBXFileReference; lastKnownFileType = file.storyboard; name = Base; path = Base.lproj/Main.storyboard; sourceTree = "<group>"; };
		210726211E16258B003B01DF /* Assets.xcassets */ = {isa = PBXFileReference; lastKnownFileType = folder.assetcatalog; path = Assets.xcassets; sourceTree = "<group>"; };
		210726241E16258B003B01DF /* Base */ = {isa = PBXFileReference; lastKnownFileType = file.storyboard; name = Base; path = Base.lproj/LaunchScreen.storyboard; sourceTree = "<group>"; };
		210726261E16258B003B01DF /* Info.plist */ = {isa = PBXFileReference; lastKnownFileType = text.plist.xml; path = Info.plist; sourceTree = "<group>"; };
/* End PBXFileReference section */

/* Begin PBXFrameworksBuildPhase section */
		210726141E16258B003B01DF /* Frameworks */ = {
			isa = PBXFrameworksBuildPhase;
			buildActionMask = 2147483647;
			files = (
			);
			runOnlyForDeploymentPostprocessing = 0;
		};
/* End PBXFrameworksBuildPhase section */

/* Begin PBXGroup section */
		2107260E1E16258A003B01DF = {
			isa = PBXGroup;
			children = (
				210726191E16258B003B01DF /* DontSpend */,
				210726181E16258B003B01DF /* Products */,
			);
			sourceTree = "<group>";
		};
		210726181E16258B003B01DF /* Products */ = {
			isa = PBXGroup;
			children = (
				210726171E16258B003B01DF /* DontSpend.app */,
			);
			name = Products;
			sourceTree = "<group>";
		};
		210726191E16258B003B01DF /* DontSpend */ = {
			isa = PBXGroup;
			children = (
				2107261A1E16258B003B01DF /* AppDelegate.swift */,
				2107261C1E16258B003B01DF /* ViewController.swift */,
				2107261E1E16258B003B01DF /* Main.storyboard */,
				210726211E16258B003B01DF /* Assets.xcassets */,
				210726231E16258B003B01DF /* LaunchScreen.storyboard */,
				210726261E16258B003B01DF /* Info.plist */,
			);
			path = DontSpend;
			sourceTree = "<group>";
		};
/* End PBXGroup section */

/* Begin PBXNativeTarget section */
		210726161E16258B003B01DF /* DontSpend */ = {
			isa = PBXNativeTarget;
			buildConfigurationList = 210726291E16258B003B01DF /* Build configuration list for PBXNativeTarget "DontSpend" */;
			buildPhases = (
				210726131E16258B003B01DF /* Sources */,
				210726141E16258B003B01DF /* Frameworks */,
				210726151E16258B003B01DF /* Resources */,
			);
			buildRules = (
			);
			dependencies = (
			);
			name = DontSpend;
			productName = DontSpend;
			productReference = 210726171E16258B003B01DF /* DontSpend.app */;
			productType = "com.apple.product-type.application";
		};
/* End PBXNativeTarget section */

/* Begin PBXProject section */
		2107260F1E16258B003B01DF /* Project object */ = {
			isa = PBXProject;
			attributes = {
				LastSwiftUpdateCheck = 0810;
				LastUpgradeCheck = 0810;
				ORGANIZATIONNAME = "David Wang";
				TargetAttributes = {
					210726161E16258B003B01DF = {
						CreatedOnToolsVersion = 8.1;
						DevelopmentTeam = 98YT4HPVK9;
						ProvisioningStyle = Automatic;
					};
				};
			};
			buildConfigurationList = 210726121E16258B003B01DF /* Build configuration list for PBXProject "DontSpend" */;
			compatibilityVersion = "Xcode 3.2";
			developmentRegion = English;
			hasScannedForEncodings = 0;
			knownRegions = (
				en,
				Base,
			);
			mainGroup = 2107260E1E16258A003B01DF;
			productRefGroup = 210726181E16258B003B01DF /* Products */;
			projectDirPath = "";
			projectRoot = "";
			targets = (
				210726161E16258B003B01DF /* DontSpend */,
			);
		};
/* End PBXProject section */

/* Begin PBXResourcesBuildPhase section */
		210726151E16258B003B01DF /* Resources */ = {
			isa = PBXResourcesBuildPhase;
			buildActionMask = 2147483647;
			files = (
				210726251E16258B003B01DF /* LaunchScreen.storyboard in Resources */,
				210726221E16258B003B01DF /* Assets.xcassets in Resources */,
				210726201E16258B003B01DF /* Main.storyboard in Resources */,
			);
			runOnlyForDeploymentPostprocessing = 0;
		};
/* End PBXResourcesBuildPhase section */

/* Begin PBXSourcesBuildPhase section */
		210726131E16258B003B01DF /* Sources */ = {
			isa = PBXSourcesBuildPhase;
			buildActionMask = 2147483647;
			files = (
				2107261D1E16258B003B01DF /* ViewController.swift in Sources */,
				2107261B1E16258B003B01DF /* AppDelegate.swift in Sources */,
			);
			runOnlyForDeploymentPostprocessing = 0;
		};
/* End PBXSourcesBuildPhase section */

/* Begin PBXVariantGroup section */
		2107261E1E16258B003B01DF /* Main.storyboard */ = {
			isa = PBXVariantGroup;
			children = (
				2107261F1E16258B003B01DF /* Base */,
			);
			name = Main.storyboard;
			sourceTree = "<group>";
		};
		210726231E16258B003B01DF /* LaunchScreen.storyboard */ = {
			isa = PBXVariantGroup;
			children = (
				210726241E16258B003B01DF /* Base */,
			);
			name = LaunchScreen.storyboard;
			sourceTree = "<group>";
		};
/* End PBXVariantGroup section */

/* Begin XCBuildConfiguration section */
		210726271E16258B003B01DF /* Debug */ = {
			isa = XCBuildConfiguration;
			buildSettings = {
				ALWAYS_SEARCH_USER_PATHS = NO;
				CLANG_ANALYZER_NONNULL = YES;
				CLANG_CXX_LANGUAGE_STANDARD = "gnu++0x";
				CLANG_CXX_LIBRARY = "libc++";
				CLANG_ENABLE_MODULES = YES;
				CLANG_ENABLE_OBJC_ARC = YES;
				CLANG_WARN_BOOL_CONVERSION = YES;
				CLANG_WARN_CONSTANT_CONVERSION = YES;
				CLANG_WARN_DIRECT_OBJC_ISA_USAGE = YES_ERROR;
				CLANG_WARN_DOCUMENTATION_COMMENTS = YES;
				CLANG_WARN_EMPTY_BODY = YES;
				CLANG_WARN_ENUM_CONVERSION = YES;
				CLANG_WARN_INFINITE_RECURSION = YES;
				CLANG_WARN_INT_CONVERSION = YES;
				CLANG_WARN_OBJC_ROOT_CLASS = YES_ERROR;
				CLANG_WARN_SUSPICIOUS_MOVES = YES;
				CLANG_WARN_UNREACHABLE_CODE = YES;
				CLANG_WARN__DUPLICATE_METHOD_MATCH = YES;
				"CODE_SIGN_IDENTITY[sdk=iphoneos*]" = "iPhone Developer";
				COPY_PHASE_STRIP = NO;
				DEBUG_INFORMATION_FORMAT = dwarf;
				ENABLE_STRICT_OBJC_MSGSEND = YES;
				ENABLE_TESTABILITY = YES;
				GCC_C_LANGUAGE_STANDARD = gnu99;
				GCC_DYNAMIC_NO_PIC = NO;
				GCC_NO_COMMON_BLOCKS = YES;
				GCC_OPTIMIZATION_LEVEL = 0;
				GCC_PREPROCESSOR_DEFINITIONS = (
					"DEBUG=1",
					"$(inherited)",
				);
				GCC_WARN_64_TO_32_BIT_CONVERSION = YES;
				GCC_WARN_ABOUT_RETURN_TYPE = YES_ERROR;
				GCC_WARN_UNDECLARED_SELECTOR = YES;
				GCC_WARN_UNINITIALIZED_AUTOS = YES_AGGRESSIVE;
				GCC_WARN_UNUSED_FUNCTION = YES;
				GCC_WARN_UNUSED_VARIABLE = YES;
				IPHONEOS_DEPLOYMENT_TARGET = 10.1;
				MTL_ENABLE_DEBUG_INFO = YES;
				ONLY_ACTIVE_ARCH = YES;
				SDKROOT = iphoneos;
				SWIFT_ACTIVE_COMPILATION_CONDITIONS = DEBUG;
				SWIFT_OPTIMIZATION_LEVEL = "-Onone";
			};
			name = Debug;
		};
		210726281E16258B003B01DF /* Release */ = {
			isa = XCBuildConfiguration;
			buildSettings = {
				ALWAYS_SEARCH_USER_PATHS = NO;
				CLANG_ANALYZER_NONNULL = YES;
				CLANG_CXX_LANGUAGE_STANDARD = "gnu++0x";
				CLANG_CXX_LIBRARY = "libc++";
				CLANG_ENABLE_MODULES = YES;
				CLANG_ENABLE_OBJC_ARC = YES;
				CLANG_WARN_BOOL_CONVERSION = YES;
				CLANG_WARN_CONSTANT_CONVERSION = YES;
				CLANG_WARN_DIRECT_OBJC_ISA_USAGE = YES_ERROR;
				CLANG_WARN_DOCUMENTATION_COMMENTS = YES;
				CLANG_WARN_EMPTY_BODY = YES;
				CLANG_WARN_ENUM_CONVERSION = YES;
				CLANG_WARN_INFINITE_RECURSION = YES;
				CLANG_WARN_INT_CONVERSION = YES;
				CLANG_WARN_OBJC_ROOT_CLASS = YES_ERROR;
				CLANG_WARN_SUSPICIOUS_MOVES = YES;
				CLANG_WARN_UNREACHABLE_CODE = YES;
				CLANG_WARN__DUPLICATE_METHOD_MATCH = YES;
				"CODE_SIGN_IDENTITY[sdk=iphoneos*]" = "iPhone Developer";
				COPY_PHASE_STRIP = NO;
				DEBUG_INFORMATION_FORMAT = "dwarf-with-dsym";
				ENABLE_NS_ASSERTIONS = NO;
				ENABLE_STRICT_OBJC_MSGSEND = YES;
				GCC_C_LANGUAGE_STANDARD = gnu99;
				GCC_NO_COMMON_BLOCKS = YES;
				GCC_WARN_64_TO_32_BIT_CONVERSION = YES;
				GCC_WARN_ABOUT_RETURN_TYPE = YES_ERROR;
				GCC_WARN_UNDECLARED_SELECTOR = YES;
				GCC_WARN_UNINITIALIZED_AUTOS = YES_AGGRESSIVE;
				GCC_WARN_UNUSED_FUNCTION = YES;
				GCC_WARN_UNUSED_VARIABLE = YES;
				IPHONEOS_DEPLOYMENT_TARGET = 10.1;
				MTL_ENABLE_DEBUG_INFO = NO;
				SDKROOT = iphoneos;
				SWIFT_OPTIMIZATION_LEVEL = "-Owholemodule";
				VALIDATE_PRODUCT = YES;
			};
			name = Release;
		};
		2107262A1E16258B003B01DF /* Debug */ = {
			isa = XCBuildConfiguration;
			buildSettings = {
				ASSETCATALOG_COMPILER_APPICON_NAME = AppIcon;
				DEVELOPMENT_TEAM = 98YT4HPVK9;
				INFOPLIST_FILE = DontSpend/Info.plist;
				LD_RUNPATH_SEARCH_PATHS = "$(inherited) @executable_path/Frameworks";
				PRODUCT_BUNDLE_IDENTIFIER = "David-Wang.DontSpend";
				PRODUCT_NAME = "$(TARGET_NAME)";
				SWIFT_VERSION = 3.0;
			};
			name = Debug;
		};
		2107262B1E16258B003B01DF /* Release */ = {
			isa = XCBuildConfiguration;
			buildSettings = {
				ASSETCATALOG_COMPILER_APPICON_NAME = AppIcon;
				DEVELOPMENT_TEAM = 98YT4HPVK9;
				INFOPLIST_FILE = DontSpend/Info.plist;
				LD_RUNPATH_SEARCH_PATHS = "$(inherited) @executable_path/Frameworks";
				PRODUCT_BUNDLE_IDENTIFIER = "David-Wang.DontSpend";
				PRODUCT_NAME = "$(TARGET_NAME)";
				SWIFT_VERSION = 3.0;
			};
			name = Release;
		};
/* End XCBuildConfiguration section */

/* Begin XCConfigurationList section */
		210726121E16258B003B01DF /* Build configuration list for PBXProject "DontSpend" */ = {
			isa = XCConfigurationList;
			buildConfigurations = (
				210726271E16258B003B01DF /* Debug */,
				210726281E16258B003B01DF /* Release */,
			);
			defaultConfigurationIsVisible = 0;
			defaultConfigurationName = Release;
		};
		210726291E16258B003B01DF /* Build configuration list for PBXNativeTarget "DontSpend" */ = {
			isa = XCConfigurationList;
			buildConfigurations = (
				2107262A1E16258B003B01DF /* Debug */,
				2107262B1E16258B003B01DF /* Release */,
			);
			defaultConfigurationIsVisible = 0;
		};
/* End XCConfigurationList section */
	};
	rootObject = 2107260F1E16258B003B01DF /* Project object */;
}
